
Microsoft Visual Studio Solution File, Format Version 12.00
# Visual Studio Version 17
VisualStudioVersion = 17.1.32319.34
MinimumVisualStudioVersion = 10.0.40219.1
Project("{FAE04EC0-301F-11D3-BF4B-00C04F79EFBC}") = "techreads", "techreads\techreads.csproj", "{D8652866-76F7-4A89-9C5F-BCE5584309F7}"
EndProject
Global
	GlobalSection(SolutionConfigurationPlatforms) = preSolution
		Debug|Any CPU = Debug|Any CPU
		Release|Any CPU = Release|Any CPU
	EndGlobalSection
	GlobalSection(ProjectConfigurationPlatforms) = postSolution
		{D8652866-76F7-4A89-9C5F-BCE5584309F7}.Debug|Any CPU.ActiveCfg = Debug|Any CPU
		{D8652866-76F7-4A89-9C5F-BCE5584309F7}.Debug|Any CPU.Build.0 = Debug|Any CPU
		{D8652866-76F7-4A89-9C5F-BCE5584309F7}.Release|Any CPU.ActiveCfg = Release|Any CPU
		{D8652866-76F7-4A89-9C5F-BCE5584309F7}.Release|Any CPU.Build.0 = Release|Any CPU
	EndGlobalSection
	GlobalSection(SolutionProperties) = preSolution
		HideSolutionNode = FALSE
	EndGlobalSection
	GlobalSection(ExtensibilityGlobals) = postSolution
		SolutionGuid = {E31AC870-3E0E-4921-9B9B-D304057460A8}
	EndGlobalSection
EndGlobal
